
Microsoft Visual Studio Solution File, Format Version 12.00
# Visual Studio Version 17
VisualStudioVersion = 17.2.32616.157
MinimumVisualStudioVersion = 10.0.40219.1
Project("{FAE04EC0-301F-11D3-BF4B-00C04F79EFBC}") = "HelloMyCSharp03", "HelloMyCSharp03\HelloMyCSharp03.csproj", "{F1E85BDC-DAA3-4D76-A8B8-9359B8669619}"
EndProject
Project("{FAE04EC0-301F-11D3-BF4B-00C04F79EFBC}") = "HelloMyCSharp04", "HelloMyCSharp04\HelloMyCSharp04.csproj", "{FA8CFBA9-AEAC-4105-AFFF-25455325288E}"
EndProject
Global
	GlobalSection(SolutionConfigurationPlatforms) = preSolution
		Debug|Any CPU = Debug|Any CPU
		Release|Any CPU = Release|Any CPU
	EndGlobalSection
	GlobalSection(ProjectConfigurationPlatforms) = postSolution
		{F1E85BDC-DAA3-4D76-A8B8-9359B8669619}.Debug|Any CPU.ActiveCfg = Debug|Any CPU
		{F1E85BDC-DAA3-4D76-A8B8-9359B8669619}.Debug|Any CPU.Build.0 = Debug|Any CPU
		{F1E85BDC-DAA3-4D76-A8B8-9359B8669619}.Release|Any CPU.ActiveCfg = Release|Any CPU
		{F1E85BDC-DAA3-4D76-A8B8-9359B8669619}.Release|Any CPU.Build.0 = Release|Any CPU
		{FA8CFBA9-AEAC-4105-AFFF-25455325288E}.Debug|Any CPU.ActiveCfg = Debug|Any CPU
		{FA8CFBA9-AEAC-4105-AFFF-25455325288E}.Debug|Any CPU.Build.0 = Debug|Any CPU
		{FA8CFBA9-AEAC-4105-AFFF-25455325288E}.Release|Any CPU.ActiveCfg = Release|Any CPU
		{FA8CFBA9-AEAC-4105-AFFF-25455325288E}.Release|Any CPU.Build.0 = Release|Any CPU
	EndGlobalSection
	GlobalSection(SolutionProperties) = preSolution
		HideSolutionNode = FALSE
	EndGlobalSection
	GlobalSection(ExtensibilityGlobals) = postSolution
		SolutionGuid = {A08FC4B6-52B9-4FC8-BF1D-0170D4F09144}
	EndGlobalSection
EndGlobal
